
Microsoft Visual Studio Solution File, Format Version 12.00
# Visual Studio Version 17
VisualStudioVersion = 17.3.32922.545
MinimumVisualStudioVersion = 10.0.40219.1
Project("{8BC9CEB8-8B4A-11D0-8D11-00A0C91BC942}") = "Geometry and Chess board", "Geometry and Chess board\Geometry and Chess board.vcxproj", "{39B31C35-3486-4F79-9193-081B699D7157}"
EndProject
Global
	GlobalSection(SolutionConfigurationPlatforms) = preSolution
		Debug|x64 = Debug|x64
		Debug|x86 = Debug|x86
		Release|x64 = Release|x64
		Release|x86 = Release|x86
	EndGlobalSection
	GlobalSection(ProjectConfigurationPlatforms) = postSolution
		{39B31C35-3486-4F79-9193-081B699D7157}.Debug|x64.ActiveCfg = Debug|x64
		{39B31C35-3486-4F79-9193-081B699D7157}.Debug|x64.Build.0 = Debug|x64
		{39B31C35-3486-4F79-9193-081B699D7157}.Debug|x86.ActiveCfg = Debug|Win32
		{39B31C35-3486-4F79-9193-081B699D7157}.Debug|x86.Build.0 = Debug|Win32
		{39B31C35-3486-4F79-9193-081B699D7157}.Release|x64.ActiveCfg = Release|x64
		{39B31C35-3486-4F79-9193-081B699D7157}.Release|x64.Build.0 = Release|x64
		{39B31C35-3486-4F79-9193-081B699D7157}.Release|x86.ActiveCfg = Release|Win32
		{39B31C35-3486-4F79-9193-081B699D7157}.Release|x86.Build.0 = Release|Win32
	EndGlobalSection
	GlobalSection(SolutionProperties) = preSolution
		HideSolutionNode = FALSE
	EndGlobalSection
	GlobalSection(ExtensibilityGlobals) = postSolution
		SolutionGuid = {A1988B9C-AA7B-49D4-BB55-C58A18E0CA53}
	EndGlobalSection
EndGlobal
